
Microsoft Visual Studio Solution File, Format Version 12.00
# Visual Studio Version 17
VisualStudioVersion = 17.13.35919.96 d17.13
MinimumVisualStudioVersion = 10.0.40219.1
Project("{FAE04EC0-301F-11D3-BF4B-00C04F79EFBC}") = "Demka3", "Demka3\Demka3.csproj", "{5F042530-75D6-4BCE-B735-2864B6A55212}"
EndProject
Global
	GlobalSection(SolutionConfigurationPlatforms) = preSolution
		Debug|Any CPU = Debug|Any CPU
		Release|Any CPU = Release|Any CPU
	EndGlobalSection
	GlobalSection(ProjectConfigurationPlatforms) = postSolution
		{5F042530-75D6-4BCE-B735-2864B6A55212}.Debug|Any CPU.ActiveCfg = Debug|Any CPU
		{5F042530-75D6-4BCE-B735-2864B6A55212}.Debug|Any CPU.Build.0 = Debug|Any CPU
		{5F042530-75D6-4BCE-B735-2864B6A55212}.Release|Any CPU.ActiveCfg = Release|Any CPU
		{5F042530-75D6-4BCE-B735-2864B6A55212}.Release|Any CPU.Build.0 = Release|Any CPU
	EndGlobalSection
	GlobalSection(SolutionProperties) = preSolution
		HideSolutionNode = FALSE
	EndGlobalSection
	GlobalSection(ExtensibilityGlobals) = postSolution
		SolutionGuid = {0A1FAE4D-8803-43E8-B1BA-4ECAAB1040D9}
	EndGlobalSection
EndGlobal
